# This file is automatically @generated by Cargo.
# It is not intended for manual editing.
version = 3

[[package]]
name = "config"
version = "0.1.0"
dependencies = [
 "configparser",
 "libm",
]

[[package]]
name = "configparser"
version = "3.0.2"
source = "registry+https://github.com/rust-lang/crates.io-index"
checksum = "5458d9d1a587efaf5091602c59d299696a3877a439c8f6d461a2d3cce11df87a"

[[package]]
name = "libm"
version = "0.2.5"
source = "registry+https://github.com/rust-lang/crates.io-index"
checksum = "292a948cd991e376cf75541fe5b97a1081d713c618b4f1b9500f8844e49eb565"
